// !$*UTF8*$!
{
	archiveVersion = 1;
	classes = {
	};
	objectVersion = 50;
	objects = {

/* Begin PBXBuildFile section */
		EF09DAAF2501757400459D6C /* CanadianCheese.swift in Sources */ = {isa = PBXBuildFile; fileRef = EF09DAAE2501757400459D6C /* CanadianCheese.swift */; };
		EF7C485026A0934F00AA41FE /* Localizable.strings in Sources */ = {isa = PBXBuildFile; fileRef = EF389D1226A0815D00316E3F /* Localizable.strings */; };
		EF8D6E3826A866DF0070AE80 /* SettingsViewController.swift in Sources */ = {isa = PBXBuildFile; fileRef = EF8D6E3726A866DF0070AE80 /* SettingsViewController.swift */; };
		EFA28ACF2502B38A00FF1D0F /* FilterViewController.swift in Sources */ = {isa = PBXBuildFile; fileRef = EFA28ACE2502B38A00FF1D0F /* FilterViewController.swift */; };
		EFA28AD12502B84E00FF1D0F /* CheeseFilterCell.swift in Sources */ = {isa = PBXBuildFile; fileRef = EFA28AD02502B84E00FF1D0F /* CheeseFilterCell.swift */; };
		EFAED6C225696E0500894081 /* Canada Cheese screenshots.003.jpeg in Resources */ = {isa = PBXBuildFile; fileRef = EFAED6BD25696E0500894081 /* Canada Cheese screenshots.003.jpeg */; };
		EFAED6C325696E0500894081 /* Canada Cheese screenshots.001.jpeg in Resources */ = {isa = PBXBuildFile; fileRef = EFAED6BE25696E0500894081 /* Canada Cheese screenshots.001.jpeg */; };
		EFAED6C425696E0500894081 /* Canada Cheese screenshots.009.jpeg in Resources */ = {isa = PBXBuildFile; fileRef = EFAED6BF25696E0500894081 /* Canada Cheese screenshots.009.jpeg */; };
		EFAED6C525696E0500894081 /* Canada Cheese screenshots.006.jpeg in Resources */ = {isa = PBXBuildFile; fileRef = EFAED6C025696E0500894081 /* Canada Cheese screenshots.006.jpeg */; };
		EFAED6C625696E0500894081 /* Canada Cheese screenshots.002.jpeg in Resources */ = {isa = PBXBuildFile; fileRef = EFAED6C125696E0500894081 /* Canada Cheese screenshots.002.jpeg */; };
		EFB177D72507CAE100DE2FBA /* FavouriteCheeseCell.swift in Sources */ = {isa = PBXBuildFile; fileRef = EFB177D62507CAE100DE2FBA /* FavouriteCheeseCell.swift */; };
		EFB177D92507D38000DE2FBA /* CheeseDetailCell.swift in Sources */ = {isa = PBXBuildFile; fileRef = EFB177D82507D38000DE2FBA /* CheeseDetailCell.swift */; };
		EFB177DB2507D6D100DE2FBA /* CheeseDetailViewController.swift in Sources */ = {isa = PBXBuildFile; fileRef = EFB177DA2507D6D100DE2FBA /* CheeseDetailViewController.swift */; };
		EFF025AC250138A3007FC111 /* AppDelegate.swift in Sources */ = {isa = PBXBuildFile; fileRef = EFF025AB250138A3007FC111 /* AppDelegate.swift */; };
		EFF025AE250138A3007FC111 /* SceneDelegate.swift in Sources */ = {isa = PBXBuildFile; fileRef = EFF025AD250138A3007FC111 /* SceneDelegate.swift */; };
		EFF025B5250138A3007FC111 /* Main.storyboard in Resources */ = {isa = PBXBuildFile; fileRef = EFF025B3250138A3007FC111 /* Main.storyboard */; };
		EFF025B7250138A5007FC111 /* Assets.xcassets in Resources */ = {isa = PBXBuildFile; fileRef = EFF025B6250138A5007FC111 /* Assets.xcassets */; };
		EFF025BA250138A5007FC111 /* LaunchScreen.storyboard in Resources */ = {isa = PBXBuildFile; fileRef = EFF025B8250138A5007FC111 /* LaunchScreen.storyboard */; };
		EFF025C225013CB1007FC111 /* AllCheeseTableViewController.swift in Sources */ = {isa = PBXBuildFile; fileRef = EFF025C125013CB1007FC111 /* AllCheeseTableViewController.swift */; };
		EFF025C425013CDB007FC111 /* FavouritesTableViewController.swift in Sources */ = {isa = PBXBuildFile; fileRef = EFF025C325013CDB007FC111 /* FavouritesTableViewController.swift */; };
		EFF025C62501418C007FC111 /* CheeseCell.swift in Sources */ = {isa = PBXBuildFile; fileRef = EFF025C52501418C007FC111 /* CheeseCell.swift */; };
		EFF025C825014CBC007FC111 /* canadianCheeseDirectory.json in Resources */ = {isa = PBXBuildFile; fileRef = EFF025C725014CBC007FC111 /* canadianCheeseDirectory.json */; };
		EFFA0F6025A2987600A475F0 /* Canada_CheeseTests.swift in Sources */ = {isa = PBXBuildFile; fileRef = EFFA0F5F25A2987600A475F0 /* Canada_CheeseTests.swift */; };
/* End PBXBuildFile section */

/* Begin PBXContainerItemProxy section */
		EFFA0F6225A2987600A475F0 /* PBXContainerItemProxy */ = {
			isa = PBXContainerItemProxy;
			containerPortal = EFF025A0250138A3007FC111 /* Project object */;
			proxyType = 1;
			remoteGlobalIDString = EFF025A7250138A3007FC111;
			remoteInfo = "Canada Cheese";
		};
/* End PBXContainerItemProxy section */

/* Begin PBXFileReference section */
		EF09DAAE2501757400459D6C /* CanadianCheese.swift */ = {isa = PBXFileReference; lastKnownFileType = sourcecode.swift; path = CanadianCheese.swift; sourceTree = "<group>"; };
		EF389D0E26A07EBB00316E3F /* fr-CA */ = {isa = PBXFileReference; lastKnownFileType = text.plist.strings; name = "fr-CA"; path = "fr-CA.lproj/Main.strings"; sourceTree = "<group>"; };
		EF389D1126A0815D00316E3F /* fr-CA */ = {isa = PBXFileReference; lastKnownFileType = text.plist.strings; name = "fr-CA"; path = "fr-CA.lproj/Localizable.strings"; sourceTree = "<group>"; };
		EF8D6E3726A866DF0070AE80 /* SettingsViewController.swift */ = {isa = PBXFileReference; lastKnownFileType = sourcecode.swift; path = SettingsViewController.swift; sourceTree = "<group>"; };
		EFA28ACE2502B38A00FF1D0F /* FilterViewController.swift */ = {isa = PBXFileReference; lastKnownFileType = sourcecode.swift; path = FilterViewController.swift; sourceTree = "<group>"; };
		EFA28AD02502B84E00FF1D0F /* CheeseFilterCell.swift */ = {isa = PBXFileReference; lastKnownFileType = sourcecode.swift; path = CheeseFilterCell.swift; sourceTree = "<group>"; };
		EFAED6BB25696B6000894081 /* README.md */ = {isa = PBXFileReference; lastKnownFileType = net.daringfireball.markdown; path = README.md; sourceTree = "<group>"; };
		EFAED6BD25696E0500894081 /* Canada Cheese screenshots.003.jpeg */ = {isa = PBXFileReference; lastKnownFileType = image.jpeg; path = "Canada Cheese screenshots.003.jpeg"; sourceTree = "<group>"; };
		EFAED6BE25696E0500894081 /* Canada Cheese screenshots.001.jpeg */ = {isa = PBXFileReference; lastKnownFileType = image.jpeg; path = "Canada Cheese screenshots.001.jpeg"; sourceTree = "<group>"; };
		EFAED6BF25696E0500894081 /* Canada Cheese screenshots.009.jpeg */ = {isa = PBXFileReference; lastKnownFileType = image.jpeg; path = "Canada Cheese screenshots.009.jpeg"; sourceTree = "<group>"; };
		EFAED6C025696E0500894081 /* Canada Cheese screenshots.006.jpeg */ = {isa = PBXFileReference; lastKnownFileType = image.jpeg; path = "Canada Cheese screenshots.006.jpeg"; sourceTree = "<group>"; };
		EFAED6C125696E0500894081 /* Canada Cheese screenshots.002.jpeg */ = {isa = PBXFileReference; lastKnownFileType = image.jpeg; path = "Canada Cheese screenshots.002.jpeg"; sourceTree = "<group>"; };
		EFB177D62507CAE100DE2FBA /* FavouriteCheeseCell.swift */ = {isa = PBXFileReference; lastKnownFileType = sourcecode.swift; path = FavouriteCheeseCell.swift; sourceTree = "<group>"; };
		EFB177D82507D38000DE2FBA /* CheeseDetailCell.swift */ = {isa = PBXFileReference; lastKnownFileType = sourcecode.swift; path = CheeseDetailCell.swift; sourceTree = "<group>"; };
		EFB177DA2507D6D100DE2FBA /* CheeseDetailViewController.swift */ = {isa = PBXFileReference; lastKnownFileType = sourcecode.swift; path = CheeseDetailViewController.swift; sourceTree = "<group>"; };
		EFF025A8250138A3007FC111 /* Canada Cheese.app */ = {isa = PBXFileReference; explicitFileType = wrapper.application; includeInIndex = 0; path = "Canada Cheese.app"; sourceTree = BUILT_PRODUCTS_DIR; };
		EFF025AB250138A3007FC111 /* AppDelegate.swift */ = {isa = PBXFileReference; lastKnownFileType = sourcecode.swift; path = AppDelegate.swift; sourceTree = "<group>"; };
		EFF025AD250138A3007FC111 /* SceneDelegate.swift */ = {isa = PBXFileReference; lastKnownFileType = sourcecode.swift; path = SceneDelegate.swift; sourceTree = "<group>"; };
		EFF025B4250138A3007FC111 /* Base */ = {isa = PBXFileReference; lastKnownFileType = file.storyboard; name = Base; path = Base.lproj/Main.storyboard; sourceTree = "<group>"; };
		EFF025B6250138A5007FC111 /* Assets.xcassets */ = {isa = PBXFileReference; lastKnownFileType = folder.assetcatalog; path = Assets.xcassets; sourceTree = "<group>"; };
		EFF025B9250138A5007FC111 /* Base */ = {isa = PBXFileReference; lastKnownFileType = file.storyboard; name = Base; path = Base.lproj/LaunchScreen.storyboard; sourceTree = "<group>"; };
		EFF025BB250138A5007FC111 /* Info.plist */ = {isa = PBXFileReference; lastKnownFileType = text.plist.xml; path = Info.plist; sourceTree = "<group>"; };
		EFF025C125013CB1007FC111 /* AllCheeseTableViewController.swift */ = {isa = PBXFileReference; lastKnownFileType = sourcecode.swift; path = AllCheeseTableViewController.swift; sourceTree = "<group>"; };
		EFF025C325013CDB007FC111 /* FavouritesTableViewController.swift */ = {isa = PBXFileReference; lastKnownFileType = sourcecode.swift; path = FavouritesTableViewController.swift; sourceTree = "<group>"; };
		EFF025C52501418C007FC111 /* CheeseCell.swift */ = {isa = PBXFileReference; lastKnownFileType = sourcecode.swift; path = CheeseCell.swift; sourceTree = "<group>"; };
		EFF025C725014CBC007FC111 /* canadianCheeseDirectory.json */ = {isa = PBXFileReference; lastKnownFileType = text.json; path = canadianCheeseDirectory.json; sourceTree = "<group>"; };
		EFFA0F5D25A2987600A475F0 /* Canada CheeseTests.xctest */ = {isa = PBXFileReference; explicitFileType = wrapper.cfbundle; includeInIndex = 0; path = "Canada CheeseTests.xctest"; sourceTree = BUILT_PRODUCTS_DIR; };
		EFFA0F5F25A2987600A475F0 /* Canada_CheeseTests.swift */ = {isa = PBXFileReference; lastKnownFileType = sourcecode.swift; path = Canada_CheeseTests.swift; sourceTree = "<group>"; };
		EFFA0F6125A2987600A475F0 /* Info.plist */ = {isa = PBXFileReference; lastKnownFileType = text.plist.xml; path = Info.plist; sourceTree = "<group>"; };
/* End PBXFileReference section */

/* Begin PBXFrameworksBuildPhase section */
		EFF025A5250138A3007FC111 /* Frameworks */ = {
			isa = PBXFrameworksBuildPhase;
			buildActionMask = 2147483647;
			files = (
			);
			runOnlyForDeploymentPostprocessing = 0;
		};
		EFFA0F5A25A2987600A475F0 /* Frameworks */ = {
			isa = PBXFrameworksBuildPhase;
			buildActionMask = 2147483647;
			files = (
			);
			runOnlyForDeploymentPostprocessing = 0;
		};
/* End PBXFrameworksBuildPhase section */

/* Begin PBXGroup section */
		EFAED6BC25696CA200894081 /* Screenshots */ = {
			isa = PBXGroup;
			children = (
				EFAED6BE25696E0500894081 /* Canada Cheese screenshots.001.jpeg */,
				EFAED6C125696E0500894081 /* Canada Cheese screenshots.002.jpeg */,
				EFAED6BD25696E0500894081 /* Canada Cheese screenshots.003.jpeg */,
				EFAED6C025696E0500894081 /* Canada Cheese screenshots.006.jpeg */,
				EFAED6BF25696E0500894081 /* Canada Cheese screenshots.009.jpeg */,
			);
			path = Screenshots;
			sourceTree = "<group>";
		};
		EFB177D42507C88900DE2FBA /* View Controllers */ = {
			isa = PBXGroup;
			children = (
				EFA28ACE2502B38A00FF1D0F /* FilterViewController.swift */,
				EFF025C325013CDB007FC111 /* FavouritesTableViewController.swift */,
				EFF025C125013CB1007FC111 /* AllCheeseTableViewController.swift */,
				EFB177DA2507D6D100DE2FBA /* CheeseDetailViewController.swift */,
				EF8D6E3726A866DF0070AE80 /* SettingsViewController.swift */,
			);
			path = "View Controllers";
			sourceTree = "<group>";
		};
		EFB177D52507C8C100DE2FBA /* Model */ = {
			isa = PBXGroup;
			children = (
				EFB177DC2507E9A300DE2FBA /* Cell */,
				EF09DAAE2501757400459D6C /* CanadianCheese.swift */,
			);
			path = Model;
			sourceTree = "<group>";
		};
		EFB177DC2507E9A300DE2FBA /* Cell */ = {
			isa = PBXGroup;
			children = (
				EFA28AD02502B84E00FF1D0F /* CheeseFilterCell.swift */,
				EFF025C52501418C007FC111 /* CheeseCell.swift */,
				EFB177D62507CAE100DE2FBA /* FavouriteCheeseCell.swift */,
				EFB177D82507D38000DE2FBA /* CheeseDetailCell.swift */,
			);
			path = Cell;
			sourceTree = "<group>";
		};
		EFF0259F250138A3007FC111 = {
			isa = PBXGroup;
			children = (
				EFAED6BC25696CA200894081 /* Screenshots */,
				EFAED6BB25696B6000894081 /* README.md */,
				EFF025AA250138A3007FC111 /* Canada Cheese */,
				EFFA0F5E25A2987600A475F0 /* Canada CheeseTests */,
				EFF025A9250138A3007FC111 /* Products */,
			);
			sourceTree = "<group>";
		};
		EFF025A9250138A3007FC111 /* Products */ = {
			isa = PBXGroup;
			children = (
				EFF025A8250138A3007FC111 /* Canada Cheese.app */,
				EFFA0F5D25A2987600A475F0 /* Canada CheeseTests.xctest */,
			);
			name = Products;
			sourceTree = "<group>";
		};
		EFF025AA250138A3007FC111 /* Canada Cheese */ = {
			isa = PBXGroup;
			children = (
				EF389D1226A0815D00316E3F /* Localizable.strings */,
				EFB177D52507C8C100DE2FBA /* Model */,
				EFB177D42507C88900DE2FBA /* View Controllers */,
				EFF025AB250138A3007FC111 /* AppDelegate.swift */,
				EFF025AD250138A3007FC111 /* SceneDelegate.swift */,
				EFF025B3250138A3007FC111 /* Main.storyboard */,
				EFF025C725014CBC007FC111 /* canadianCheeseDirectory.json */,
				EFF025B6250138A5007FC111 /* Assets.xcassets */,
				EFF025B8250138A5007FC111 /* LaunchScreen.storyboard */,
				EFF025BB250138A5007FC111 /* Info.plist */,
			);
			path = "Canada Cheese";
			sourceTree = "<group>";
		};
		EFFA0F5E25A2987600A475F0 /* Canada CheeseTests */ = {
			isa = PBXGroup;
			children = (
				EFFA0F5F25A2987600A475F0 /* Canada_CheeseTests.swift */,
				EFFA0F6125A2987600A475F0 /* Info.plist */,
			);
			path = "Canada CheeseTests";
			sourceTree = "<group>";
		};
/* End PBXGroup section */

/* Begin PBXNativeTarget section */
		EFF025A7250138A3007FC111 /* Canada Cheese */ = {
			isa = PBXNativeTarget;
			buildConfigurationList = EFF025BE250138A5007FC111 /* Build configuration list for PBXNativeTarget "Canada Cheese" */;
			buildPhases = (
				EFF025A4250138A3007FC111 /* Sources */,
				EFF025A5250138A3007FC111 /* Frameworks */,
				EFF025A6250138A3007FC111 /* Resources */,
			);
			buildRules = (
			);
			dependencies = (
			);
			name = "Canada Cheese";
			productName = "Canada Cheese";
			productReference = EFF025A8250138A3007FC111 /* Canada Cheese.app */;
			productType = "com.apple.product-type.application";
		};
		EFFA0F5C25A2987600A475F0 /* Canada CheeseTests */ = {
			isa = PBXNativeTarget;
			buildConfigurationList = EFFA0F6425A2987600A475F0 /* Build configuration list for PBXNativeTarget "Canada CheeseTests" */;
			buildPhases = (
				EFFA0F5925A2987600A475F0 /* Sources */,
				EFFA0F5A25A2987600A475F0 /* Frameworks */,
				EFFA0F5B25A2987600A475F0 /* Resources */,
			);
			buildRules = (
			);
			dependencies = (
				EFFA0F6325A2987600A475F0 /* PBXTargetDependency */,
			);
			name = "Canada CheeseTests";
			productName = "Canada CheeseTests";
			productReference = EFFA0F5D25A2987600A475F0 /* Canada CheeseTests.xctest */;
			productType = "com.apple.product-type.bundle.unit-test";
		};
/* End PBXNativeTarget section */

/* Begin PBXProject section */
		EFF025A0250138A3007FC111 /* Project object */ = {
			isa = PBXProject;
			attributes = {
				LastSwiftUpdateCheck = 1230;
				LastUpgradeCheck = 1200;
				ORGANIZATIONNAME = "Taylor Young";
				TargetAttributes = {
					EFF025A7250138A3007FC111 = {
						CreatedOnToolsVersion = 11.7;
					};
					EFFA0F5C25A2987600A475F0 = {
						CreatedOnToolsVersion = 12.3;
						TestTargetID = EFF025A7250138A3007FC111;
					};
				};
			};
			buildConfigurationList = EFF025A3250138A3007FC111 /* Build configuration list for PBXProject "Canada Cheese" */;
			compatibilityVersion = "Xcode 9.3";
			developmentRegion = en;
			hasScannedForEncodings = 0;
			knownRegions = (
				en,
				Base,
				"fr-CA",
			);
			mainGroup = EFF0259F250138A3007FC111;
			productRefGroup = EFF025A9250138A3007FC111 /* Products */;
			projectDirPath = "";
			projectRoot = "";
			targets = (
				EFF025A7250138A3007FC111 /* Canada Cheese */,
				EFFA0F5C25A2987600A475F0 /* Canada CheeseTests */,
			);
		};
/* End PBXProject section */

/* Begin PBXResourcesBuildPhase section */
		EFF025A6250138A3007FC111 /* Resources */ = {
			isa = PBXResourcesBuildPhase;
			buildActionMask = 2147483647;
			files = (
				EFAED6C625696E0500894081 /* Canada Cheese screenshots.002.jpeg in Resources */,
				EFAED6C525696E0500894081 /* Canada Cheese screenshots.006.jpeg in Resources */,
				EFF025BA250138A5007FC111 /* LaunchScreen.storyboard in Resources */,
				EFF025C825014CBC007FC111 /* canadianCheeseDirectory.json in Resources */,
				EFAED6C425696E0500894081 /* Canada Cheese screenshots.009.jpeg in Resources */,
				EFAED6C225696E0500894081 /* Canada Cheese screenshots.003.jpeg in Resources */,
				EFF025B7250138A5007FC111 /* Assets.xcassets in Resources */,
				EFF025B5250138A3007FC111 /* Main.storyboard in Resources */,
				EFAED6C325696E0500894081 /* Canada Cheese screenshots.001.jpeg in Resources */,
			);
			runOnlyForDeploymentPostprocessing = 0;
		};
		EFFA0F5B25A2987600A475F0 /* Resources */ = {
			isa = PBXResourcesBuildPhase;
			buildActionMask = 2147483647;
			files = (
			);
			runOnlyForDeploymentPostprocessing = 0;
		};
/* End PBXResourcesBuildPhase section */

/* Begin PBXSourcesBuildPhase section */
		EFF025A4250138A3007FC111 /* Sources */ = {
			isa = PBXSourcesBuildPhase;
			buildActionMask = 2147483647;
			files = (
				EF7C485026A0934F00AA41FE /* Localizable.strings in Sources */,
				EFF025AC250138A3007FC111 /* AppDelegate.swift in Sources */,
				EFF025C425013CDB007FC111 /* FavouritesTableViewController.swift in Sources */,
				EFF025C225013CB1007FC111 /* AllCheeseTableViewController.swift in Sources */,
				EFB177DB2507D6D100DE2FBA /* CheeseDetailViewController.swift in Sources */,
				EFA28AD12502B84E00FF1D0F /* CheeseFilterCell.swift in Sources */,
				EFF025C62501418C007FC111 /* CheeseCell.swift in Sources */,
				EFB177D92507D38000DE2FBA /* CheeseDetailCell.swift in Sources */,
				EFF025AE250138A3007FC111 /* SceneDelegate.swift in Sources */,
				EFB177D72507CAE100DE2FBA /* FavouriteCheeseCell.swift in Sources */,
				EF8D6E3826A866DF0070AE80 /* SettingsViewController.swift in Sources */,
				EF09DAAF2501757400459D6C /* CanadianCheese.swift in Sources */,
				EFA28ACF2502B38A00FF1D0F /* FilterViewController.swift in Sources */,
			);
			runOnlyForDeploymentPostprocessing = 0;
		};
		EFFA0F5925A2987600A475F0 /* Sources */ = {
			isa = PBXSourcesBuildPhase;
			buildActionMask = 2147483647;
			files = (
				EFFA0F6025A2987600A475F0 /* Canada_CheeseTests.swift in Sources */,
			);
			runOnlyForDeploymentPostprocessing = 0;
		};
/* End PBXSourcesBuildPhase section */

/* Begin PBXTargetDependency section */
		EFFA0F6325A2987600A475F0 /* PBXTargetDependency */ = {
			isa = PBXTargetDependency;
			target = EFF025A7250138A3007FC111 /* Canada Cheese */;
			targetProxy = EFFA0F6225A2987600A475F0 /* PBXContainerItemProxy */;
		};
/* End PBXTargetDependency section */

/* Begin PBXVariantGroup section */
		EF389D1226A0815D00316E3F /* Localizable.strings */ = {
			isa = PBXVariantGroup;
			children = (
				EF389D1126A0815D00316E3F /* fr-CA */,
			);
			name = Localizable.strings;
			sourceTree = "<group>";
		};
		EFF025B3250138A3007FC111 /* Main.storyboard */ = {
			isa = PBXVariantGroup;
			children = (
				EFF025B4250138A3007FC111 /* Base */,
				EF389D0E26A07EBB00316E3F /* fr-CA */,
			);
			name = Main.storyboard;
			sourceTree = "<group>";
		};
		EFF025B8250138A5007FC111 /* LaunchScreen.storyboard */ = {
			isa = PBXVariantGroup;
			children = (
				EFF025B9250138A5007FC111 /* Base */,
			);
			name = LaunchScreen.storyboard;
			sourceTree = "<group>";
		};
/* End PBXVariantGroup section */

/* Begin XCBuildConfiguration section */
		EFF025BC250138A5007FC111 /* Debug */ = {
			isa = XCBuildConfiguration;
			buildSettings = {
				ALWAYS_SEARCH_USER_PATHS = NO;
				CLANG_ANALYZER_LOCALIZABILITY_NONLOCALIZED = YES;
				CLANG_ANALYZER_NONNULL = YES;
				CLANG_ANALYZER_NUMBER_OBJECT_CONVERSION = YES_AGGRESSIVE;
				CLANG_CXX_LANGUAGE_STANDARD = "gnu++14";
				CLANG_CXX_LIBRARY = "libc++";
				CLANG_ENABLE_MODULES = YES;
				CLANG_ENABLE_OBJC_ARC = YES;
				CLANG_ENABLE_OBJC_WEAK = YES;
				CLANG_WARN_BLOCK_CAPTURE_AUTORELEASING = YES;
				CLANG_WARN_BOOL_CONVERSION = YES;
				CLANG_WARN_COMMA = YES;
				CLANG_WARN_CONSTANT_CONVERSION = YES;
				CLANG_WARN_DEPRECATED_OBJC_IMPLEMENTATIONS = YES;
				CLANG_WARN_DIRECT_OBJC_ISA_USAGE = YES_ERROR;
				CLANG_WARN_DOCUMENTATION_COMMENTS = YES;
				CLANG_WARN_EMPTY_BODY = YES;
				CLANG_WARN_ENUM_CONVERSION = YES;
				CLANG_WARN_INFINITE_RECURSION = YES;
				CLANG_WARN_INT_CONVERSION = YES;
				CLANG_WARN_NON_LITERAL_NULL_CONVERSION = YES;
				CLANG_WARN_OBJC_IMPLICIT_RETAIN_SELF = YES;
				CLANG_WARN_OBJC_LITERAL_CONVERSION = YES;
				CLANG_WARN_OBJC_ROOT_CLASS = YES_ERROR;
				CLANG_WARN_QUOTED_INCLUDE_IN_FRAMEWORK_HEADER = YES;
				CLANG_WARN_RANGE_LOOP_ANALYSIS = YES;
				CLANG_WARN_STRICT_PROTOTYPES = YES;
				CLANG_WARN_SUSPICIOUS_MOVE = YES;
				CLANG_WARN_UNGUARDED_AVAILABILITY = YES_AGGRESSIVE;
				CLANG_WARN_UNREACHABLE_CODE = YES;
				CLANG_WARN__DUPLICATE_METHOD_MATCH = YES;
				COPY_PHASE_STRIP = NO;
				DEBUG_INFORMATION_FORMAT = dwarf;
				ENABLE_STRICT_OBJC_MSGSEND = YES;
				ENABLE_TESTABILITY = YES;
				GCC_C_LANGUAGE_STANDARD = gnu11;
				GCC_DYNAMIC_NO_PIC = NO;
				GCC_NO_COMMON_BLOCKS = YES;
				GCC_OPTIMIZATION_LEVEL = 0;
				GCC_PREPROCESSOR_DEFINITIONS = (
					"DEBUG=1",
					"$(inherited)",
				);
				GCC_WARN_64_TO_32_BIT_CONVERSION = YES;
				GCC_WARN_ABOUT_RETURN_TYPE = YES_ERROR;
				GCC_WARN_UNDECLARED_SELECTOR = YES;
				GCC_WARN_UNINITIALIZED_AUTOS = YES_AGGRESSIVE;
				GCC_WARN_UNUSED_FUNCTION = YES;
				GCC_WARN_UNUSED_VARIABLE = YES;
				IPHONEOS_DEPLOYMENT_TARGET = 13.7;
				MTL_ENABLE_DEBUG_INFO = INCLUDE_SOURCE;
				MTL_FAST_MATH = YES;
				ONLY_ACTIVE_ARCH = YES;
				SDKROOT = iphoneos;
				SWIFT_ACTIVE_COMPILATION_CONDITIONS = DEBUG;
				SWIFT_OPTIMIZATION_LEVEL = "-Onone";
			};
			name = Debug;
		};
		EFF025BD250138A5007FC111 /* Release */ = {
			isa = XCBuildConfiguration;
			buildSettings = {
				ALWAYS_SEARCH_USER_PATHS = NO;
				CLANG_ANALYZER_LOCALIZABILITY_NONLOCALIZED = YES;
				CLANG_ANALYZER_NONNULL = YES;
				CLANG_ANALYZER_NUMBER_OBJECT_CONVERSION = YES_AGGRESSIVE;
				CLANG_CXX_LANGUAGE_STANDARD = "gnu++14";
				CLANG_CXX_LIBRARY = "libc++";
				CLANG_ENABLE_MODULES = YES;
				CLANG_ENABLE_OBJC_ARC = YES;
				CLANG_ENABLE_OBJC_WEAK = YES;
				CLANG_WARN_BLOCK_CAPTURE_AUTORELEASING = YES;
				CLANG_WARN_BOOL_CONVERSION = YES;
				CLANG_WARN_COMMA = YES;
				CLANG_WARN_CONSTANT_CONVERSION = YES;
				CLANG_WARN_DEPRECATED_OBJC_IMPLEMENTATIONS = YES;
				CLANG_WARN_DIRECT_OBJC_ISA_USAGE = YES_ERROR;
				CLANG_WARN_DOCUMENTATION_COMMENTS = YES;
				CLANG_WARN_EMPTY_BODY = YES;
				CLANG_WARN_ENUM_CONVERSION = YES;
				CLANG_WARN_INFINITE_RECURSION = YES;
				CLANG_WARN_INT_CONVERSION = YES;
				CLANG_WARN_NON_LITERAL_NULL_CONVERSION = YES;
				CLANG_WARN_OBJC_IMPLICIT_RETAIN_SELF = YES;
				CLANG_WARN_OBJC_LITERAL_CONVERSION = YES;
				CLANG_WARN_OBJC_ROOT_CLASS = YES_ERROR;
				CLANG_WARN_QUOTED_INCLUDE_IN_FRAMEWORK_HEADER = YES;
				CLANG_WARN_RANGE_LOOP_ANALYSIS = YES;
				CLANG_WARN_STRICT_PROTOTYPES = YES;
				CLANG_WARN_SUSPICIOUS_MOVE = YES;
				CLANG_WARN_UNGUARDED_AVAILABILITY = YES_AGGRESSIVE;
				CLANG_WARN_UNREACHABLE_CODE = YES;
				CLANG_WARN__DUPLICATE_METHOD_MATCH = YES;
				COPY_PHASE_STRIP = NO;
				DEBUG_INFORMATION_FORMAT = "dwarf-with-dsym";
				ENABLE_NS_ASSERTIONS = NO;
				ENABLE_STRICT_OBJC_MSGSEND = YES;
				GCC_C_LANGUAGE_STANDARD = gnu11;
				GCC_NO_COMMON_BLOCKS = YES;
				GCC_WARN_64_TO_32_BIT_CONVERSION = YES;
				GCC_WARN_ABOUT_RETURN_TYPE = YES_ERROR;
				GCC_WARN_UNDECLARED_SELECTOR = YES;
				GCC_WARN_UNINITIALIZED_AUTOS = YES_AGGRESSIVE;
				GCC_WARN_UNUSED_FUNCTION = YES;
				GCC_WARN_UNUSED_VARIABLE = YES;
				IPHONEOS_DEPLOYMENT_TARGET = 13.7;
				MTL_ENABLE_DEBUG_INFO = NO;
				MTL_FAST_MATH = YES;
				SDKROOT = iphoneos;
				SWIFT_COMPILATION_MODE = wholemodule;
				SWIFT_OPTIMIZATION_LEVEL = "-O";
				VALIDATE_PRODUCT = YES;
			};
			name = Release;
		};
		EFF025BF250138A5007FC111 /* Debug */ = {
			isa = XCBuildConfiguration;
			buildSettings = {
				ASSETCATALOG_COMPILER_APPICON_NAME = AppIcon;
				CODE_SIGN_IDENTITY = "Apple Development";
				CODE_SIGN_STYLE = Automatic;
				DEVELOPMENT_TEAM = "";
				INFOPLIST_FILE = "Canada Cheese/Info.plist";
				IPHONEOS_DEPLOYMENT_TARGET = 13.0;
				LD_RUNPATH_SEARCH_PATHS = (
					"$(inherited)",
					"@executable_path/Frameworks",
				);
				PRODUCT_BUNDLE_IDENTIFIER = "io.github.taylor-young0.Canada-Cheese";
				PRODUCT_NAME = "$(TARGET_NAME)";
				PROVISIONING_PROFILE_SPECIFIER = "";
				SWIFT_VERSION = 5.0;
				TARGETED_DEVICE_FAMILY = "1,2";
			};
			name = Debug;
		};
		EFF025C0250138A5007FC111 /* Release */ = {
			isa = XCBuildConfiguration;
			buildSettings = {
				ASSETCATALOG_COMPILER_APPICON_NAME = AppIcon;
				CODE_SIGN_IDENTITY = "Apple Development";
				CODE_SIGN_STYLE = Automatic;
				DEVELOPMENT_TEAM = "";
				INFOPLIST_FILE = "Canada Cheese/Info.plist";
				IPHONEOS_DEPLOYMENT_TARGET = 13.0;
				LD_RUNPATH_SEARCH_PATHS = (
					"$(inherited)",
					"@executable_path/Frameworks",
				);
				PRODUCT_BUNDLE_IDENTIFIER = "io.github.taylor-young0.Canada-Cheese";
				PRODUCT_NAME = "$(TARGET_NAME)";
				PROVISIONING_PROFILE_SPECIFIER = "";
				SWIFT_VERSION = 5.0;
				TARGETED_DEVICE_FAMILY = "1,2";
			};
			name = Release;
		};
		EFFA0F6525A2987600A475F0 /* Debug */ = {
			isa = XCBuildConfiguration;
			buildSettings = {
				BUNDLE_LOADER = "$(TEST_HOST)";
				CODE_SIGN_STYLE = Automatic;
				DEVELOPMENT_TEAM = 6JTMH9S5KE;
				INFOPLIST_FILE = "Canada CheeseTests/Info.plist";
				IPHONEOS_DEPLOYMENT_TARGET = 14.3;
				LD_RUNPATH_SEARCH_PATHS = (
					"$(inherited)",
					"@executable_path/Frameworks",
					"@loader_path/Frameworks",
				);
				PRODUCT_BUNDLE_IDENTIFIER = "io.github.taylor-young0.Canada-CheeseTests";
				PRODUCT_NAME = "$(TARGET_NAME)";
				SWIFT_VERSION = 5.0;
				TARGETED_DEVICE_FAMILY = "1,2";
				TEST_HOST = "$(BUILT_PRODUCTS_DIR)/Canada Cheese.app/Canada Cheese";
			};
			name = Debug;
		};
		EFFA0F6625A2987600A475F0 /* Release */ = {
			isa = XCBuildConfiguration;
			buildSettings = {
				BUNDLE_LOADER = "$(TEST_HOST)";
				CODE_SIGN_STYLE = Automatic;
				DEVELOPMENT_TEAM = 6JTMH9S5KE;
				INFOPLIST_FILE = "Canada CheeseTests/Info.plist";
				IPHONEOS_DEPLOYMENT_TARGET = 14.3;
				LD_RUNPATH_SEARCH_PATHS = (
					"$(inherited)",
					"@executable_path/Frameworks",
					"@loader_path/Frameworks",
				);
				PRODUCT_BUNDLE_IDENTIFIER = "io.github.taylor-young0.Canada-CheeseTests";
				PRODUCT_NAME = "$(TARGET_NAME)";
				SWIFT_VERSION = 5.0;
				TARGETED_DEVICE_FAMILY = "1,2";
				TEST_HOST = "$(BUILT_PRODUCTS_DIR)/Canada Cheese.app/Canada Cheese";
			};
			name = Release;
		};
/* End XCBuildConfiguration section */

/* Begin XCConfigurationList section */
		EFF025A3250138A3007FC111 /* Build configuration list for PBXProject "Canada Cheese" */ = {
			isa = XCConfigurationList;
			buildConfigurations = (
				EFF025BC250138A5007FC111 /* Debug */,
				EFF025BD250138A5007FC111 /* Release */,
			);
			defaultConfigurationIsVisible = 0;
			defaultConfigurationName = Release;
		};
		EFF025BE250138A5007FC111 /* Build configuration list for PBXNativeTarget "Canada Cheese" */ = {
			isa = XCConfigurationList;
			buildConfigurations = (
				EFF025BF250138A5007FC111 /* Debug */,
				EFF025C0250138A5007FC111 /* Release */,
			);
			defaultConfigurationIsVisible = 0;
			defaultConfigurationName = Release;
		};
		EFFA0F6425A2987600A475F0 /* Build configuration list for PBXNativeTarget "Canada CheeseTests" */ = {
			isa = XCConfigurationList;
			buildConfigurations = (
				EFFA0F6525A2987600A475F0 /* Debug */,
				EFFA0F6625A2987600A475F0 /* Release */,
			);
			defaultConfigurationIsVisible = 0;
			defaultConfigurationName = Release;
		};
/* End XCConfigurationList section */
	};
	rootObject = EFF025A0250138A3007FC111 /* Project object */;
}
