// !$*UTF8*$!
{
	archiveVersion = 1;
	classes = {
	};
	objectVersion = 50;
	objects = {

/* Begin PBXBuildFile section */
		EF09DAAF2501757400459D6C /* CanadianCheese.swift in Sources */ = {isa = PBXBuildFile; fileRef = EF09DAAE2501757400459D6C /* CanadianCheese.swift */; };
		EF09DAB125017B7400459D6C /* CanadianCheeses.swift in Sources */ = {isa = PBXBuildFile; fileRef = EF09DAB025017B7400459D6C /* CanadianCheeses.swift */; };
		EFF025AC250138A3007FC111 /* AppDelegate.swift in Sources */ = {isa = PBXBuildFile; fileRef = EFF025AB250138A3007FC111 /* AppDelegate.swift */; };
		EFF025AE250138A3007FC111 /* SceneDelegate.swift in Sources */ = {isa = PBXBuildFile; fileRef = EFF025AD250138A3007FC111 /* SceneDelegate.swift */; };
		EFF025B5250138A3007FC111 /* Main.storyboard in Resources */ = {isa = PBXBuildFile; fileRef = EFF025B3250138A3007FC111 /* Main.storyboard */; };
		EFF025B7250138A5007FC111 /* Assets.xcassets in Resources */ = {isa = PBXBuildFile; fileRef = EFF025B6250138A5007FC111 /* Assets.xcassets */; };
		EFF025BA250138A5007FC111 /* LaunchScreen.storyboard in Resources */ = {isa = PBXBuildFile; fileRef = EFF025B8250138A5007FC111 /* LaunchScreen.storyboard */; };
		EFF025C225013CB1007FC111 /* AllCheeseTableViewController.swift in Sources */ = {isa = PBXBuildFile; fileRef = EFF025C125013CB1007FC111 /* AllCheeseTableViewController.swift */; };
		EFF025C425013CDB007FC111 /* FavouritesTableViewController.swift in Sources */ = {isa = PBXBuildFile; fileRef = EFF025C325013CDB007FC111 /* FavouritesTableViewController.swift */; };
		EFF025C62501418C007FC111 /* CheeseTableViewCell.swift in Sources */ = {isa = PBXBuildFile; fileRef = EFF025C52501418C007FC111 /* CheeseTableViewCell.swift */; };
		EFF025C825014CBC007FC111 /* canadianCheeseDirectory.json in Resources */ = {isa = PBXBuildFile; fileRef = EFF025C725014CBC007FC111 /* canadianCheeseDirectory.json */; };
/* End PBXBuildFile section */

/* Begin PBXFileReference section */
		EF09DAAE2501757400459D6C /* CanadianCheese.swift */ = {isa = PBXFileReference; lastKnownFileType = sourcecode.swift; path = CanadianCheese.swift; sourceTree = "<group>"; };
		EF09DAB025017B7400459D6C /* CanadianCheeses.swift */ = {isa = PBXFileReference; lastKnownFileType = sourcecode.swift; path = CanadianCheeses.swift; sourceTree = "<group>"; };
		EFF025A8250138A3007FC111 /* Canada Cheese.app */ = {isa = PBXFileReference; explicitFileType = wrapper.application; includeInIndex = 0; path = "Canada Cheese.app"; sourceTree = BUILT_PRODUCTS_DIR; };
		EFF025AB250138A3007FC111 /* AppDelegate.swift */ = {isa = PBXFileReference; lastKnownFileType = sourcecode.swift; path = AppDelegate.swift; sourceTree = "<group>"; };
		EFF025AD250138A3007FC111 /* SceneDelegate.swift */ = {isa = PBXFileReference; lastKnownFileType = sourcecode.swift; path = SceneDelegate.swift; sourceTree = "<group>"; };
		EFF025B4250138A3007FC111 /* Base */ = {isa = PBXFileReference; lastKnownFileType = file.storyboard; name = Base; path = Base.lproj/Main.storyboard; sourceTree = "<group>"; };
		EFF025B6250138A5007FC111 /* Assets.xcassets */ = {isa = PBXFileReference; lastKnownFileType = folder.assetcatalog; path = Assets.xcassets; sourceTree = "<group>"; };
		EFF025B9250138A5007FC111 /* Base */ = {isa = PBXFileReference; lastKnownFileType = file.storyboard; name = Base; path = Base.lproj/LaunchScreen.storyboard; sourceTree = "<group>"; };
		EFF025BB250138A5007FC111 /* Info.plist */ = {isa = PBXFileReference; lastKnownFileType = text.plist.xml; path = Info.plist; sourceTree = "<group>"; };
		EFF025C125013CB1007FC111 /* AllCheeseTableViewController.swift */ = {isa = PBXFileReference; lastKnownFileType = sourcecode.swift; path = AllCheeseTableViewController.swift; sourceTree = "<group>"; };
		EFF025C325013CDB007FC111 /* FavouritesTableViewController.swift */ = {isa = PBXFileReference; lastKnownFileType = sourcecode.swift; path = FavouritesTableViewController.swift; sourceTree = "<group>"; };
		EFF025C52501418C007FC111 /* CheeseTableViewCell.swift */ = {isa = PBXFileReference; lastKnownFileType = sourcecode.swift; path = CheeseTableViewCell.swift; sourceTree = "<group>"; };
		EFF025C725014CBC007FC111 /* canadianCheeseDirectory.json */ = {isa = PBXFileReference; lastKnownFileType = text.json; path = canadianCheeseDirectory.json; sourceTree = "<group>"; };
/* End PBXFileReference section */

/* Begin PBXFrameworksBuildPhase section */
		EFF025A5250138A3007FC111 /* Frameworks */ = {
			isa = PBXFrameworksBuildPhase;
			buildActionMask = 2147483647;
			files = (
			);
			runOnlyForDeploymentPostprocessing = 0;
		};
/* End PBXFrameworksBuildPhase section */

/* Begin PBXGroup section */
		EFF0259F250138A3007FC111 = {
			isa = PBXGroup;
			children = (
				EFF025AA250138A3007FC111 /* Canada Cheese */,
				EFF025A9250138A3007FC111 /* Products */,
			);
			sourceTree = "<group>";
		};
		EFF025A9250138A3007FC111 /* Products */ = {
			isa = PBXGroup;
			children = (
				EFF025A8250138A3007FC111 /* Canada Cheese.app */,
			);
			name = Products;
			sourceTree = "<group>";
		};
		EFF025AA250138A3007FC111 /* Canada Cheese */ = {
			isa = PBXGroup;
			children = (
				EFF025AB250138A3007FC111 /* AppDelegate.swift */,
				EFF025AD250138A3007FC111 /* SceneDelegate.swift */,
				EFF025B3250138A3007FC111 /* Main.storyboard */,
				EFF025C52501418C007FC111 /* CheeseTableViewCell.swift */,
				EFF025C725014CBC007FC111 /* canadianCheeseDirectory.json */,
				EFF025C325013CDB007FC111 /* FavouritesTableViewController.swift */,
				EFF025C125013CB1007FC111 /* AllCheeseTableViewController.swift */,
				EF09DAB025017B7400459D6C /* CanadianCheeses.swift */,
				EF09DAAE2501757400459D6C /* CanadianCheese.swift */,
				EFF025B6250138A5007FC111 /* Assets.xcassets */,
				EFF025B8250138A5007FC111 /* LaunchScreen.storyboard */,
				EFF025BB250138A5007FC111 /* Info.plist */,
			);
			path = "Canada Cheese";
			sourceTree = "<group>";
		};
/* End PBXGroup section */

/* Begin PBXNativeTarget section */
		EFF025A7250138A3007FC111 /* Canada Cheese */ = {
			isa = PBXNativeTarget;
			buildConfigurationList = EFF025BE250138A5007FC111 /* Build configuration list for PBXNativeTarget "Canada Cheese" */;
			buildPhases = (
				EFF025A4250138A3007FC111 /* Sources */,
				EFF025A5250138A3007FC111 /* Frameworks */,
				EFF025A6250138A3007FC111 /* Resources */,
			);
			buildRules = (
			);
			dependencies = (
			);
			name = "Canada Cheese";
			productName = "Canada Cheese";
			productReference = EFF025A8250138A3007FC111 /* Canada Cheese.app */;
			productType = "com.apple.product-type.application";
		};
/* End PBXNativeTarget section */

/* Begin PBXProject section */
		EFF025A0250138A3007FC111 /* Project object */ = {
			isa = PBXProject;
			attributes = {
				LastSwiftUpdateCheck = 1170;
				LastUpgradeCheck = 1170;
				ORGANIZATIONNAME = "Taylor Young";
				TargetAttributes = {
					EFF025A7250138A3007FC111 = {
						CreatedOnToolsVersion = 11.7;
					};
				};
			};
			buildConfigurationList = EFF025A3250138A3007FC111 /* Build configuration list for PBXProject "Canada Cheese" */;
			compatibilityVersion = "Xcode 9.3";
			developmentRegion = en;
			hasScannedForEncodings = 0;
			knownRegions = (
				en,
				Base,
			);
			mainGroup = EFF0259F250138A3007FC111;
			productRefGroup = EFF025A9250138A3007FC111 /* Products */;
			projectDirPath = "";
			projectRoot = "";
			targets = (
				EFF025A7250138A3007FC111 /* Canada Cheese */,
			);
		};
/* End PBXProject section */

/* Begin PBXResourcesBuildPhase section */
		EFF025A6250138A3007FC111 /* Resources */ = {
			isa = PBXResourcesBuildPhase;
			buildActionMask = 2147483647;
			files = (
				EFF025BA250138A5007FC111 /* LaunchScreen.storyboard in Resources */,
				EFF025C825014CBC007FC111 /* canadianCheeseDirectory.json in Resources */,
				EFF025B7250138A5007FC111 /* Assets.xcassets in Resources */,
				EFF025B5250138A3007FC111 /* Main.storyboard in Resources */,
			);
			runOnlyForDeploymentPostprocessing = 0;
		};
/* End PBXResourcesBuildPhase section */

/* Begin PBXSourcesBuildPhase section */
		EFF025A4250138A3007FC111 /* Sources */ = {
			isa = PBXSourcesBuildPhase;
			buildActionMask = 2147483647;
			files = (
				EFF025AC250138A3007FC111 /* AppDelegate.swift in Sources */,
				EFF025C425013CDB007FC111 /* FavouritesTableViewController.swift in Sources */,
				EFF025C225013CB1007FC111 /* AllCheeseTableViewController.swift in Sources */,
				EFF025C62501418C007FC111 /* CheeseTableViewCell.swift in Sources */,
				EFF025AE250138A3007FC111 /* SceneDelegate.swift in Sources */,
				EF09DAAF2501757400459D6C /* CanadianCheese.swift in Sources */,
				EF09DAB125017B7400459D6C /* CanadianCheeses.swift in Sources */,
			);
			runOnlyForDeploymentPostprocessing = 0;
		};
/* End PBXSourcesBuildPhase section */

/* Begin PBXVariantGroup section */
		EFF025B3250138A3007FC111 /* Main.storyboard */ = {
			isa = PBXVariantGroup;
			children = (
				EFF025B4250138A3007FC111 /* Base */,
			);
			name = Main.storyboard;
			sourceTree = "<group>";
		};
		EFF025B8250138A5007FC111 /* LaunchScreen.storyboard */ = {
			isa = PBXVariantGroup;
			children = (
				EFF025B9250138A5007FC111 /* Base */,
			);
			name = LaunchScreen.storyboard;
			sourceTree = "<group>";
		};
/* End PBXVariantGroup section */

/* Begin XCBuildConfiguration section */
		EFF025BC250138A5007FC111 /* Debug */ = {
			isa = XCBuildConfiguration;
			buildSettings = {
				ALWAYS_SEARCH_USER_PATHS = NO;
				CLANG_ANALYZER_NONNULL = YES;
				CLANG_ANALYZER_NUMBER_OBJECT_CONVERSION = YES_AGGRESSIVE;
				CLANG_CXX_LANGUAGE_STANDARD = "gnu++14";
				CLANG_CXX_LIBRARY = "libc++";
				CLANG_ENABLE_MODULES = YES;
				CLANG_ENABLE_OBJC_ARC = YES;
				CLANG_ENABLE_OBJC_WEAK = YES;
				CLANG_WARN_BLOCK_CAPTURE_AUTORELEASING = YES;
				CLANG_WARN_BOOL_CONVERSION = YES;
				CLANG_WARN_COMMA = YES;
				CLANG_WARN_CONSTANT_CONVERSION = YES;
				CLANG_WARN_DEPRECATED_OBJC_IMPLEMENTATIONS = YES;
				CLANG_WARN_DIRECT_OBJC_ISA_USAGE = YES_ERROR;
				CLANG_WARN_DOCUMENTATION_COMMENTS = YES;
				CLANG_WARN_EMPTY_BODY = YES;
				CLANG_WARN_ENUM_CONVERSION = YES;
				CLANG_WARN_INFINITE_RECURSION = YES;
				CLANG_WARN_INT_CONVERSION = YES;
				CLANG_WARN_NON_LITERAL_NULL_CONVERSION = YES;
				CLANG_WARN_OBJC_IMPLICIT_RETAIN_SELF = YES;
				CLANG_WARN_OBJC_LITERAL_CONVERSION = YES;
				CLANG_WARN_OBJC_ROOT_CLASS = YES_ERROR;
				CLANG_WARN_RANGE_LOOP_ANALYSIS = YES;
				CLANG_WARN_STRICT_PROTOTYPES = YES;
				CLANG_WARN_SUSPICIOUS_MOVE = YES;
				CLANG_WARN_UNGUARDED_AVAILABILITY = YES_AGGRESSIVE;
				CLANG_WARN_UNREACHABLE_CODE = YES;
				CLANG_WARN__DUPLICATE_METHOD_MATCH = YES;
				COPY_PHASE_STRIP = NO;
				DEBUG_INFORMATION_FORMAT = dwarf;
				ENABLE_STRICT_OBJC_MSGSEND = YES;
				ENABLE_TESTABILITY = YES;
				GCC_C_LANGUAGE_STANDARD = gnu11;
				GCC_DYNAMIC_NO_PIC = NO;
				GCC_NO_COMMON_BLOCKS = YES;
				GCC_OPTIMIZATION_LEVEL = 0;
				GCC_PREPROCESSOR_DEFINITIONS = (
					"DEBUG=1",
					"$(inherited)",
				);
				GCC_WARN_64_TO_32_BIT_CONVERSION = YES;
				GCC_WARN_ABOUT_RETURN_TYPE = YES_ERROR;
				GCC_WARN_UNDECLARED_SELECTOR = YES;
				GCC_WARN_UNINITIALIZED_AUTOS = YES_AGGRESSIVE;
				GCC_WARN_UNUSED_FUNCTION = YES;
				GCC_WARN_UNUSED_VARIABLE = YES;
				IPHONEOS_DEPLOYMENT_TARGET = 13.7;
				MTL_ENABLE_DEBUG_INFO = INCLUDE_SOURCE;
				MTL_FAST_MATH = YES;
				ONLY_ACTIVE_ARCH = YES;
				SDKROOT = iphoneos;
				SWIFT_ACTIVE_COMPILATION_CONDITIONS = DEBUG;
				SWIFT_OPTIMIZATION_LEVEL = "-Onone";
			};
			name = Debug;
		};
		EFF025BD250138A5007FC111 /* Release */ = {
			isa = XCBuildConfiguration;
			buildSettings = {
				ALWAYS_SEARCH_USER_PATHS = NO;
				CLANG_ANALYZER_NONNULL = YES;
				CLANG_ANALYZER_NUMBER_OBJECT_CONVERSION = YES_AGGRESSIVE;
				CLANG_CXX_LANGUAGE_STANDARD = "gnu++14";
				CLANG_CXX_LIBRARY = "libc++";
				CLANG_ENABLE_MODULES = YES;
				CLANG_ENABLE_OBJC_ARC = YES;
				CLANG_ENABLE_OBJC_WEAK = YES;
				CLANG_WARN_BLOCK_CAPTURE_AUTORELEASING = YES;
				CLANG_WARN_BOOL_CONVERSION = YES;
				CLANG_WARN_COMMA = YES;
				CLANG_WARN_CONSTANT_CONVERSION = YES;
				CLANG_WARN_DEPRECATED_OBJC_IMPLEMENTATIONS = YES;
				CLANG_WARN_DIRECT_OBJC_ISA_USAGE = YES_ERROR;
				CLANG_WARN_DOCUMENTATION_COMMENTS = YES;
				CLANG_WARN_EMPTY_BODY = YES;
				CLANG_WARN_ENUM_CONVERSION = YES;
				CLANG_WARN_INFINITE_RECURSION = YES;
				CLANG_WARN_INT_CONVERSION = YES;
				CLANG_WARN_NON_LITERAL_NULL_CONVERSION = YES;
				CLANG_WARN_OBJC_IMPLICIT_RETAIN_SELF = YES;
				CLANG_WARN_OBJC_LITERAL_CONVERSION = YES;
				CLANG_WARN_OBJC_ROOT_CLASS = YES_ERROR;
				CLANG_WARN_RANGE_LOOP_ANALYSIS = YES;
				CLANG_WARN_STRICT_PROTOTYPES = YES;
				CLANG_WARN_SUSPICIOUS_MOVE = YES;
				CLANG_WARN_UNGUARDED_AVAILABILITY = YES_AGGRESSIVE;
				CLANG_WARN_UNREACHABLE_CODE = YES;
				CLANG_WARN__DUPLICATE_METHOD_MATCH = YES;
				COPY_PHASE_STRIP = NO;
				DEBUG_INFORMATION_FORMAT = "dwarf-with-dsym";
				ENABLE_NS_ASSERTIONS = NO;
				ENABLE_STRICT_OBJC_MSGSEND = YES;
				GCC_C_LANGUAGE_STANDARD = gnu11;
				GCC_NO_COMMON_BLOCKS = YES;
				GCC_WARN_64_TO_32_BIT_CONVERSION = YES;
				GCC_WARN_ABOUT_RETURN_TYPE = YES_ERROR;
				GCC_WARN_UNDECLARED_SELECTOR = YES;
				GCC_WARN_UNINITIALIZED_AUTOS = YES_AGGRESSIVE;
				GCC_WARN_UNUSED_FUNCTION = YES;
				GCC_WARN_UNUSED_VARIABLE = YES;
				IPHONEOS_DEPLOYMENT_TARGET = 13.7;
				MTL_ENABLE_DEBUG_INFO = NO;
				MTL_FAST_MATH = YES;
				SDKROOT = iphoneos;
				SWIFT_COMPILATION_MODE = wholemodule;
				SWIFT_OPTIMIZATION_LEVEL = "-O";
				VALIDATE_PRODUCT = YES;
			};
			name = Release;
		};
		EFF025BF250138A5007FC111 /* Debug */ = {
			isa = XCBuildConfiguration;
			buildSettings = {
				ASSETCATALOG_COMPILER_APPICON_NAME = AppIcon;
				CODE_SIGN_STYLE = Automatic;
				DEVELOPMENT_TEAM = 6JTMH9S5KE;
				INFOPLIST_FILE = "Canada Cheese/Info.plist";
				LD_RUNPATH_SEARCH_PATHS = (
					"$(inherited)",
					"@executable_path/Frameworks",
				);
				PRODUCT_BUNDLE_IDENTIFIER = "io.github.taylor-young0.Canada-Cheese";
				PRODUCT_NAME = "$(TARGET_NAME)";
				SWIFT_VERSION = 5.0;
				TARGETED_DEVICE_FAMILY = "1,2";
			};
			name = Debug;
		};
		EFF025C0250138A5007FC111 /* Release */ = {
			isa = XCBuildConfiguration;
			buildSettings = {
				ASSETCATALOG_COMPILER_APPICON_NAME = AppIcon;
				CODE_SIGN_STYLE = Automatic;
				DEVELOPMENT_TEAM = 6JTMH9S5KE;
				INFOPLIST_FILE = "Canada Cheese/Info.plist";
				LD_RUNPATH_SEARCH_PATHS = (
					"$(inherited)",
					"@executable_path/Frameworks",
				);
				PRODUCT_BUNDLE_IDENTIFIER = "io.github.taylor-young0.Canada-Cheese";
				PRODUCT_NAME = "$(TARGET_NAME)";
				SWIFT_VERSION = 5.0;
				TARGETED_DEVICE_FAMILY = "1,2";
			};
			name = Release;
		};
/* End XCBuildConfiguration section */

/* Begin XCConfigurationList section */
		EFF025A3250138A3007FC111 /* Build configuration list for PBXProject "Canada Cheese" */ = {
			isa = XCConfigurationList;
			buildConfigurations = (
				EFF025BC250138A5007FC111 /* Debug */,
				EFF025BD250138A5007FC111 /* Release */,
			);
			defaultConfigurationIsVisible = 0;
			defaultConfigurationName = Release;
		};
		EFF025BE250138A5007FC111 /* Build configuration list for PBXNativeTarget "Canada Cheese" */ = {
			isa = XCConfigurationList;
			buildConfigurations = (
				EFF025BF250138A5007FC111 /* Debug */,
				EFF025C0250138A5007FC111 /* Release */,
			);
			defaultConfigurationIsVisible = 0;
			defaultConfigurationName = Release;
		};
/* End XCConfigurationList section */
	};
	rootObject = EFF025A0250138A3007FC111 /* Project object */;
}
